
Microsoft Visual Studio Solution File, Format Version 12.00
# Visual Studio 15
VisualStudioVersion = 15.0.27703.2047
MinimumVisualStudioVersion = 10.0.40219.1
Project("{FAE04EC0-301F-11D3-BF4B-00C04F79EFBC}") = "UOPO", "UOPO\UOPO.csproj", "{DB97125C-1B8D-4056-9E5D-0D398B93E833}"
EndProject
Global
	GlobalSection(SolutionConfigurationPlatforms) = preSolution
		Debug|Any CPU = Debug|Any CPU
		Release|Any CPU = Release|Any CPU
	EndGlobalSection
	GlobalSection(ProjectConfigurationPlatforms) = postSolution
		{DB97125C-1B8D-4056-9E5D-0D398B93E833}.Debug|Any CPU.ActiveCfg = Debug|Any CPU
		{DB97125C-1B8D-4056-9E5D-0D398B93E833}.Debug|Any CPU.Build.0 = Debug|Any CPU
		{DB97125C-1B8D-4056-9E5D-0D398B93E833}.Release|Any CPU.ActiveCfg = Release|Any CPU
		{DB97125C-1B8D-4056-9E5D-0D398B93E833}.Release|Any CPU.Build.0 = Release|Any CPU
	EndGlobalSection
	GlobalSection(SolutionProperties) = preSolution
		HideSolutionNode = FALSE
	EndGlobalSection
	GlobalSection(ExtensibilityGlobals) = postSolution
		SolutionGuid = {5F243121-5861-4922-9B67-03093E97F55F}
	EndGlobalSection
EndGlobal
